
Microsoft Visual Studio Solution File, Format Version 12.00
# Visual Studio Version 17
VisualStudioVersion = 17.10.35013.160
MinimumVisualStudioVersion = 10.0.40219.1
Project("{FAE04EC0-301F-11D3-BF4B-00C04F79EFBC}") = "SimpleCalculator", "SimpleCalculator.csproj", "{A02DE6C9-B8F8-4003-A72C-086AEC4C38E1}"
EndProject
Global
	GlobalSection(SolutionConfigurationPlatforms) = preSolution
		Debug|Any CPU = Debug|Any CPU
		Release|Any CPU = Release|Any CPU
	EndGlobalSection
	GlobalSection(ProjectConfigurationPlatforms) = postSolution
		{A02DE6C9-B8F8-4003-A72C-086AEC4C38E1}.Debug|Any CPU.ActiveCfg = Debug|Any CPU
		{A02DE6C9-B8F8-4003-A72C-086AEC4C38E1}.Debug|Any CPU.Build.0 = Debug|Any CPU
		{A02DE6C9-B8F8-4003-A72C-086AEC4C38E1}.Release|Any CPU.ActiveCfg = Release|Any CPU
		{A02DE6C9-B8F8-4003-A72C-086AEC4C38E1}.Release|Any CPU.Build.0 = Release|Any CPU
	EndGlobalSection
	GlobalSection(SolutionProperties) = preSolution
		HideSolutionNode = FALSE
	EndGlobalSection
	GlobalSection(ExtensibilityGlobals) = postSolution
		SolutionGuid = {26B367BD-60FC-40FF-815F-792629B2FA0A}
	EndGlobalSection
EndGlobal
